
Microsoft Visual Studio Solution File, Format Version 12.00
# Visual Studio 15
VisualStudioVersion = 15.0.28010.2046
MinimumVisualStudioVersion = 10.0.40219.1
Project("{FAE04EC0-301F-11D3-BF4B-00C04F79EFBC}") = "si-movers", "si-movers\si-movers.csproj", "{DA0B24E5-97E6-4793-BD86-C27A5682B41D}"
EndProject
Global
	GlobalSection(SolutionConfigurationPlatforms) = preSolution
		Debug|Any CPU = Debug|Any CPU
		Release|Any CPU = Release|Any CPU
	EndGlobalSection
	GlobalSection(ProjectConfigurationPlatforms) = postSolution
		{DA0B24E5-97E6-4793-BD86-C27A5682B41D}.Debug|Any CPU.ActiveCfg = Debug|Any CPU
		{DA0B24E5-97E6-4793-BD86-C27A5682B41D}.Debug|Any CPU.Build.0 = Debug|Any CPU
		{DA0B24E5-97E6-4793-BD86-C27A5682B41D}.Release|Any CPU.ActiveCfg = Release|Any CPU
		{DA0B24E5-97E6-4793-BD86-C27A5682B41D}.Release|Any CPU.Build.0 = Release|Any CPU
	EndGlobalSection
	GlobalSection(SolutionProperties) = preSolution
		HideSolutionNode = FALSE
	EndGlobalSection
	GlobalSection(ExtensibilityGlobals) = postSolution
		SolutionGuid = {B11905D8-4304-4816-8E03-FEA9BB19912B}
	EndGlobalSection
EndGlobal
